// !$*UTF8*$!
{
	archiveVersion = 1;
	classes = {
	};
	objectVersion = 50;
	objects = {

/* Begin PBXBuildFile section */
		20AE0C17208B8AAB0050D072 /* SensitiveConstants.swift in Sources */ = {isa = PBXBuildFile; fileRef = 20AE0C16208B8AAB0050D072 /* SensitiveConstants.swift */; };
		20AE0C19208BAC940050D072 /* FileManagerServices.swift in Sources */ = {isa = PBXBuildFile; fileRef = 20AE0C18208BAC940050D072 /* FileManagerServices.swift */; };
		20AE0C1F208CEAAF0050D072 /* BookItemCollectionViewCell.swift in Sources */ = {isa = PBXBuildFile; fileRef = 20AE0C1E208CEAAF0050D072 /* BookItemCollectionViewCell.swift */; };
		20AE0C21208D11C60050D072 /* QLViewerViewController.swift in Sources */ = {isa = PBXBuildFile; fileRef = 20AE0C20208D11C60050D072 /* QLViewerViewController.swift */; };
		DD3E1B54E1D9F3D2E96D0F4D /* Pods_NativePDFReader.framework in Frameworks */ = {isa = PBXBuildFile; fileRef = 5AFADD07577333D2CA6ED789 /* Pods_NativePDFReader.framework */; };
		FA396C81208EB78E0052CB10 /* ServiceManagerFake.swift in Sources */ = {isa = PBXBuildFile; fileRef = FA396C80208EB78E0052CB10 /* ServiceManagerFake.swift */; };
		FA96EAA6208AAD6400D6F224 /* LibraryViewModel.swift in Sources */ = {isa = PBXBuildFile; fileRef = FA96EAA5208AAD6400D6F224 /* LibraryViewModel.swift */; };
		FABB90AE208A7AD700A389C6 /* BookTableViewCell.swift in Sources */ = {isa = PBXBuildFile; fileRef = FABB90AD208A7AD700A389C6 /* BookTableViewCell.swift */; };
		FABB90B0208A7B1700A389C6 /* TableConstants.swift in Sources */ = {isa = PBXBuildFile; fileRef = FABB90AF208A7B1700A389C6 /* TableConstants.swift */; };
		FAE447DE2088F2C100B5186A /* AppDelegate.swift in Sources */ = {isa = PBXBuildFile; fileRef = FAE447DD2088F2C100B5186A /* AppDelegate.swift */; };
		FAE447E02088F2C100B5186A /* PrincipalScreenViewController.swift in Sources */ = {isa = PBXBuildFile; fileRef = FAE447DF2088F2C100B5186A /* PrincipalScreenViewController.swift */; };
		FAE447E32088F2C100B5186A /* Main.storyboard in Resources */ = {isa = PBXBuildFile; fileRef = FAE447E12088F2C100B5186A /* Main.storyboard */; };
		FAE447E52088F2C200B5186A /* Assets.xcassets in Resources */ = {isa = PBXBuildFile; fileRef = FAE447E42088F2C200B5186A /* Assets.xcassets */; };
		FAE447E82088F2C200B5186A /* LaunchScreen.storyboard in Resources */ = {isa = PBXBuildFile; fileRef = FAE447E62088F2C200B5186A /* LaunchScreen.storyboard */; };
		FAF0CA682089600F00D0B00F /* Books.swift in Sources */ = {isa = PBXBuildFile; fileRef = FAF0CA672089600F00D0B00F /* Books.swift */; };
		FAF0CA6B20896DCD00D0B00F /* BaseViewController.swift in Sources */ = {isa = PBXBuildFile; fileRef = FAF0CA6A20896DCD00D0B00F /* BaseViewController.swift */; };
		FAF0CA6F2089778000D0B00F /* ValidationCodeViewController.swift in Sources */ = {isa = PBXBuildFile; fileRef = FAF0CA6E2089778000D0B00F /* ValidationCodeViewController.swift */; };
		FAF0CA77208A7A4800D0B00F /* LibraryViewController.swift in Sources */ = {isa = PBXBuildFile; fileRef = FAF0CA76208A7A4800D0B00F /* LibraryViewController.swift */; };
		FAF88B9A2088FD2800B14D4B /* ServicesManager.swift in Sources */ = {isa = PBXBuildFile; fileRef = FAF88B992088FD2800B14D4B /* ServicesManager.swift */; };
		FAF88B9F2088FE6100B14D4B /* GeneralConstants.swift in Sources */ = {isa = PBXBuildFile; fileRef = FAF88B9E2088FE6100B14D4B /* GeneralConstants.swift */; };
/* End PBXBuildFile section */

/* Begin PBXFileReference section */
		20AE0C16208B8AAB0050D072 /* SensitiveConstants.swift */ = {isa = PBXFileReference; lastKnownFileType = sourcecode.swift; path = SensitiveConstants.swift; sourceTree = "<group>"; };
		20AE0C18208BAC940050D072 /* FileManagerServices.swift */ = {isa = PBXFileReference; lastKnownFileType = sourcecode.swift; path = FileManagerServices.swift; sourceTree = "<group>"; };
		20AE0C1E208CEAAF0050D072 /* BookItemCollectionViewCell.swift */ = {isa = PBXFileReference; lastKnownFileType = sourcecode.swift; path = BookItemCollectionViewCell.swift; sourceTree = "<group>"; };
		20AE0C20208D11C60050D072 /* QLViewerViewController.swift */ = {isa = PBXFileReference; lastKnownFileType = sourcecode.swift; path = QLViewerViewController.swift; sourceTree = "<group>"; };
		3C34715C18C4D2D9C1F9664C /* Pods-NativePDFReader.debug.xcconfig */ = {isa = PBXFileReference; includeInIndex = 1; lastKnownFileType = text.xcconfig; name = "Pods-NativePDFReader.debug.xcconfig"; path = "Pods/Target Support Files/Pods-NativePDFReader/Pods-NativePDFReader.debug.xcconfig"; sourceTree = "<group>"; };
		5AFADD07577333D2CA6ED789 /* Pods_NativePDFReader.framework */ = {isa = PBXFileReference; explicitFileType = wrapper.framework; includeInIndex = 0; path = Pods_NativePDFReader.framework; sourceTree = BUILT_PRODUCTS_DIR; };
		C924DC39B9BE9D92C7D4AD11 /* Pods-NativePDFReader.release.xcconfig */ = {isa = PBXFileReference; includeInIndex = 1; lastKnownFileType = text.xcconfig; name = "Pods-NativePDFReader.release.xcconfig"; path = "Pods/Target Support Files/Pods-NativePDFReader/Pods-NativePDFReader.release.xcconfig"; sourceTree = "<group>"; };
		FA396C80208EB78E0052CB10 /* ServiceManagerFake.swift */ = {isa = PBXFileReference; lastKnownFileType = sourcecode.swift; path = ServiceManagerFake.swift; sourceTree = "<group>"; };
		FA96EAA5208AAD6400D6F224 /* LibraryViewModel.swift */ = {isa = PBXFileReference; lastKnownFileType = sourcecode.swift; path = LibraryViewModel.swift; sourceTree = "<group>"; };
		FABB90AD208A7AD700A389C6 /* BookTableViewCell.swift */ = {isa = PBXFileReference; fileEncoding = 4; lastKnownFileType = sourcecode.swift; path = BookTableViewCell.swift; sourceTree = "<group>"; };
		FABB90AF208A7B1700A389C6 /* TableConstants.swift */ = {isa = PBXFileReference; lastKnownFileType = sourcecode.swift; path = TableConstants.swift; sourceTree = "<group>"; };
		FAE447DA2088F2C100B5186A /* NativePDFReader.app */ = {isa = PBXFileReference; explicitFileType = wrapper.application; includeInIndex = 0; path = NativePDFReader.app; sourceTree = BUILT_PRODUCTS_DIR; };
		FAE447DD2088F2C100B5186A /* AppDelegate.swift */ = {isa = PBXFileReference; lastKnownFileType = sourcecode.swift; path = AppDelegate.swift; sourceTree = "<group>"; };
		FAE447DF2088F2C100B5186A /* PrincipalScreenViewController.swift */ = {isa = PBXFileReference; lastKnownFileType = sourcecode.swift; path = PrincipalScreenViewController.swift; sourceTree = "<group>"; };
		FAE447E22088F2C100B5186A /* Base */ = {isa = PBXFileReference; lastKnownFileType = file.storyboard; name = Base; path = Base.lproj/Main.storyboard; sourceTree = "<group>"; };
		FAE447E42088F2C200B5186A /* Assets.xcassets */ = {isa = PBXFileReference; lastKnownFileType = folder.assetcatalog; path = Assets.xcassets; sourceTree = "<group>"; };
		FAE447E72088F2C200B5186A /* Base */ = {isa = PBXFileReference; lastKnownFileType = file.storyboard; name = Base; path = Base.lproj/LaunchScreen.storyboard; sourceTree = "<group>"; };
		FAE447E92088F2C200B5186A /* Info.plist */ = {isa = PBXFileReference; lastKnownFileType = text.plist.xml; path = Info.plist; sourceTree = "<group>"; };
		FAF0CA672089600F00D0B00F /* Books.swift */ = {isa = PBXFileReference; lastKnownFileType = sourcecode.swift; path = Books.swift; sourceTree = "<group>"; };
		FAF0CA6A20896DCD00D0B00F /* BaseViewController.swift */ = {isa = PBXFileReference; lastKnownFileType = sourcecode.swift; path = BaseViewController.swift; sourceTree = "<group>"; };
		FAF0CA6E2089778000D0B00F /* ValidationCodeViewController.swift */ = {isa = PBXFileReference; lastKnownFileType = sourcecode.swift; path = ValidationCodeViewController.swift; sourceTree = "<group>"; };
		FAF0CA76208A7A4800D0B00F /* LibraryViewController.swift */ = {isa = PBXFileReference; lastKnownFileType = sourcecode.swift; path = LibraryViewController.swift; sourceTree = "<group>"; };
		FAF88B992088FD2800B14D4B /* ServicesManager.swift */ = {isa = PBXFileReference; lastKnownFileType = sourcecode.swift; path = ServicesManager.swift; sourceTree = "<group>"; };
		FAF88B9E2088FE6100B14D4B /* GeneralConstants.swift */ = {isa = PBXFileReference; lastKnownFileType = sourcecode.swift; path = GeneralConstants.swift; sourceTree = "<group>"; };
/* End PBXFileReference section */

/* Begin PBXFrameworksBuildPhase section */
		FAE447D72088F2C100B5186A /* Frameworks */ = {
			isa = PBXFrameworksBuildPhase;
			buildActionMask = 2147483647;
			files = (
				DD3E1B54E1D9F3D2E96D0F4D /* Pods_NativePDFReader.framework in Frameworks */,
			);
			runOnlyForDeploymentPostprocessing = 0;
		};
/* End PBXFrameworksBuildPhase section */

/* Begin PBXGroup section */
		475B96EA0E506AF14651AE1A /* Frameworks */ = {
			isa = PBXGroup;
			children = (
				5AFADD07577333D2CA6ED789 /* Pods_NativePDFReader.framework */,
			);
			name = Frameworks;
			sourceTree = "<group>";
		};
		A61115ABD9C9960393599E18 /* Pods */ = {
			isa = PBXGroup;
			children = (
				3C34715C18C4D2D9C1F9664C /* Pods-NativePDFReader.debug.xcconfig */,
				C924DC39B9BE9D92C7D4AD11 /* Pods-NativePDFReader.release.xcconfig */,
			);
			name = Pods;
			sourceTree = "<group>";
		};
		FAE447D12088F2C100B5186A = {
			isa = PBXGroup;
			children = (
				FAE447DC2088F2C100B5186A /* NativePDFReader */,
				FAE447DB2088F2C100B5186A /* Products */,
				A61115ABD9C9960393599E18 /* Pods */,
				475B96EA0E506AF14651AE1A /* Frameworks */,
			);
			sourceTree = "<group>";
		};
		FAE447DB2088F2C100B5186A /* Products */ = {
			isa = PBXGroup;
			children = (
				FAE447DA2088F2C100B5186A /* NativePDFReader.app */,
			);
			name = Products;
			sourceTree = "<group>";
		};
		FAE447DC2088F2C100B5186A /* NativePDFReader */ = {
			isa = PBXGroup;
			children = (
				FAF0CA6620895EEE00D0B00F /* Models */,
				FAF88B9D2088FE4A00B14D4B /* Utils */,
				FAF88B982088FCEB00B14D4B /* ViewModels */,
				FAF0CA6920896DAD00D0B00F /* ViewControllers */,
				FAF0CA74208A7A0B00D0B00F /* Scenes */,
				FAF88B972088FCCF00B14D4B /* Services */,
				FAE447DD2088F2C100B5186A /* AppDelegate.swift */,
				FAE447E12088F2C100B5186A /* Main.storyboard */,
				FAE447E42088F2C200B5186A /* Assets.xcassets */,
				FAE447E62088F2C200B5186A /* LaunchScreen.storyboard */,
				FAE447E92088F2C200B5186A /* Info.plist */,
			);
			path = NativePDFReader;
			sourceTree = "<group>";
		};
		FAF0CA6620895EEE00D0B00F /* Models */ = {
			isa = PBXGroup;
			children = (
				FAF0CA672089600F00D0B00F /* Books.swift */,
			);
			path = Models;
			sourceTree = "<group>";
		};
		FAF0CA6920896DAD00D0B00F /* ViewControllers */ = {
			isa = PBXGroup;
			children = (
				FAF0CA6A20896DCD00D0B00F /* BaseViewController.swift */,
				FAE447DF2088F2C100B5186A /* PrincipalScreenViewController.swift */,
				FAF0CA6E2089778000D0B00F /* ValidationCodeViewController.swift */,
				20AE0C20208D11C60050D072 /* QLViewerViewController.swift */,
			);
			path = ViewControllers;
			sourceTree = "<group>";
		};
		FAF0CA74208A7A0B00D0B00F /* Scenes */ = {
			isa = PBXGroup;
			children = (
				FAF0CA75208A7A2100D0B00F /* Library */,
			);
			path = Scenes;
			sourceTree = "<group>";
		};
		FAF0CA75208A7A2100D0B00F /* Library */ = {
			isa = PBXGroup;
			children = (
				FABB90AD208A7AD700A389C6 /* BookTableViewCell.swift */,
				FAF0CA76208A7A4800D0B00F /* LibraryViewController.swift */,
				FABB90AF208A7B1700A389C6 /* TableConstants.swift */,
				20AE0C1E208CEAAF0050D072 /* BookItemCollectionViewCell.swift */,
			);
			path = Library;
			sourceTree = "<group>";
		};
		FAF88B972088FCCF00B14D4B /* Services */ = {
			isa = PBXGroup;
			children = (
				FAF88B992088FD2800B14D4B /* ServicesManager.swift */,
				20AE0C18208BAC940050D072 /* FileManagerServices.swift */,
				FA396C80208EB78E0052CB10 /* ServiceManagerFake.swift */,
			);
			path = Services;
			sourceTree = "<group>";
		};
		FAF88B982088FCEB00B14D4B /* ViewModels */ = {
			isa = PBXGroup;
			children = (
				FA96EAA5208AAD6400D6F224 /* LibraryViewModel.swift */,
			);
			path = ViewModels;
			sourceTree = "<group>";
		};
		FAF88B9D2088FE4A00B14D4B /* Utils */ = {
			isa = PBXGroup;
			children = (
				FAF88B9E2088FE6100B14D4B /* GeneralConstants.swift */,
				20AE0C16208B8AAB0050D072 /* SensitiveConstants.swift */,
			);
			path = Utils;
			sourceTree = "<group>";
		};
/* End PBXGroup section */

/* Begin PBXNativeTarget section */
		FAE447D92088F2C100B5186A /* NativePDFReader */ = {
			isa = PBXNativeTarget;
			buildConfigurationList = FAE447EC2088F2C200B5186A /* Build configuration list for PBXNativeTarget "NativePDFReader" */;
			buildPhases = (
				DC41EE7676776E945CBE4ACF /* [CP] Check Pods Manifest.lock */,
				FAE447D62088F2C100B5186A /* Sources */,
				FAE447D72088F2C100B5186A /* Frameworks */,
				FAE447D82088F2C100B5186A /* Resources */,
				560C9BF017DE2677B3C69C0E /* [CP] Embed Pods Frameworks */,
			);
			buildRules = (
			);
			dependencies = (
			);
			name = NativePDFReader;
			productName = NativePDFReader;
			productReference = FAE447DA2088F2C100B5186A /* NativePDFReader.app */;
			productType = "com.apple.product-type.application";
		};
/* End PBXNativeTarget section */

/* Begin PBXProject section */
		FAE447D22088F2C100B5186A /* Project object */ = {
			isa = PBXProject;
			attributes = {
				LastSwiftUpdateCheck = 0930;
				LastUpgradeCheck = 0930;
				ORGANIZATIONNAME = "Fulvio Moya";
				TargetAttributes = {
					FAE447D92088F2C100B5186A = {
						CreatedOnToolsVersion = 9.3;
					};
				};
			};
			buildConfigurationList = FAE447D52088F2C100B5186A /* Build configuration list for PBXProject "NativePDFReader" */;
			compatibilityVersion = "Xcode 9.3";
			developmentRegion = en;
			hasScannedForEncodings = 0;
			knownRegions = (
				en,
				Base,
			);
			mainGroup = FAE447D12088F2C100B5186A;
			productRefGroup = FAE447DB2088F2C100B5186A /* Products */;
			projectDirPath = "";
			projectRoot = "";
			targets = (
				FAE447D92088F2C100B5186A /* NativePDFReader */,
			);
		};
/* End PBXProject section */

/* Begin PBXResourcesBuildPhase section */
		FAE447D82088F2C100B5186A /* Resources */ = {
			isa = PBXResourcesBuildPhase;
			buildActionMask = 2147483647;
			files = (
				FAE447E82088F2C200B5186A /* LaunchScreen.storyboard in Resources */,
				FAE447E52088F2C200B5186A /* Assets.xcassets in Resources */,
				FAE447E32088F2C100B5186A /* Main.storyboard in Resources */,
			);
			runOnlyForDeploymentPostprocessing = 0;
		};
/* End PBXResourcesBuildPhase section */

/* Begin PBXShellScriptBuildPhase section */
		560C9BF017DE2677B3C69C0E /* [CP] Embed Pods Frameworks */ = {
			isa = PBXShellScriptBuildPhase;
			buildActionMask = 2147483647;
			files = (
			);
			inputPaths = (
				"${SRCROOT}/Pods/Target Support Files/Pods-NativePDFReader/Pods-NativePDFReader-frameworks.sh",
				"${BUILT_PRODUCTS_DIR}/Alamofire/Alamofire.framework",
				"${BUILT_PRODUCTS_DIR}/AlamofireImage/AlamofireImage.framework",
			);
			name = "[CP] Embed Pods Frameworks";
			outputPaths = (
				"${TARGET_BUILD_DIR}/${FRAMEWORKS_FOLDER_PATH}/Alamofire.framework",
				"${TARGET_BUILD_DIR}/${FRAMEWORKS_FOLDER_PATH}/AlamofireImage.framework",
			);
			runOnlyForDeploymentPostprocessing = 0;
			shellPath = /bin/sh;
			shellScript = "\"${SRCROOT}/Pods/Target Support Files/Pods-NativePDFReader/Pods-NativePDFReader-frameworks.sh\"\n";
			showEnvVarsInLog = 0;
		};
		DC41EE7676776E945CBE4ACF /* [CP] Check Pods Manifest.lock */ = {
			isa = PBXShellScriptBuildPhase;
			buildActionMask = 2147483647;
			files = (
			);
			inputPaths = (
				"${PODS_PODFILE_DIR_PATH}/Podfile.lock",
				"${PODS_ROOT}/Manifest.lock",
			);
			name = "[CP] Check Pods Manifest.lock";
			outputPaths = (
				"$(DERIVED_FILE_DIR)/Pods-NativePDFReader-checkManifestLockResult.txt",
			);
			runOnlyForDeploymentPostprocessing = 0;
			shellPath = /bin/sh;
			shellScript = "diff \"${PODS_PODFILE_DIR_PATH}/Podfile.lock\" \"${PODS_ROOT}/Manifest.lock\" > /dev/null\nif [ $? != 0 ] ; then\n    # print error to STDERR\n    echo \"error: The sandbox is not in sync with the Podfile.lock. Run 'pod install' or update your CocoaPods installation.\" >&2\n    exit 1\nfi\n# This output is used by Xcode 'outputs' to avoid re-running this script phase.\necho \"SUCCESS\" > \"${SCRIPT_OUTPUT_FILE_0}\"\n";
			showEnvVarsInLog = 0;
		};
/* End PBXShellScriptBuildPhase section */

/* Begin PBXSourcesBuildPhase section */
		FAE447D62088F2C100B5186A /* Sources */ = {
			isa = PBXSourcesBuildPhase;
			buildActionMask = 2147483647;
			files = (
				FAF0CA682089600F00D0B00F /* Books.swift in Sources */,
				FAF0CA77208A7A4800D0B00F /* LibraryViewController.swift in Sources */,
				FAF0CA6F2089778000D0B00F /* ValidationCodeViewController.swift in Sources */,
				FABB90AE208A7AD700A389C6 /* BookTableViewCell.swift in Sources */,
				FA96EAA6208AAD6400D6F224 /* LibraryViewModel.swift in Sources */,
				FAF88B9F2088FE6100B14D4B /* GeneralConstants.swift in Sources */,
				FA396C81208EB78E0052CB10 /* ServiceManagerFake.swift in Sources */,
				FAF88B9A2088FD2800B14D4B /* ServicesManager.swift in Sources */,
				FABB90B0208A7B1700A389C6 /* TableConstants.swift in Sources */,
				20AE0C19208BAC940050D072 /* FileManagerServices.swift in Sources */,
				FAE447E02088F2C100B5186A /* PrincipalScreenViewController.swift in Sources */,
				FAF0CA6B20896DCD00D0B00F /* BaseViewController.swift in Sources */,
				20AE0C21208D11C60050D072 /* QLViewerViewController.swift in Sources */,
				20AE0C17208B8AAB0050D072 /* SensitiveConstants.swift in Sources */,
				FAE447DE2088F2C100B5186A /* AppDelegate.swift in Sources */,
				20AE0C1F208CEAAF0050D072 /* BookItemCollectionViewCell.swift in Sources */,
			);
			runOnlyForDeploymentPostprocessing = 0;
		};
/* End PBXSourcesBuildPhase section */

/* Begin PBXVariantGroup section */
		FAE447E12088F2C100B5186A /* Main.storyboard */ = {
			isa = PBXVariantGroup;
			children = (
				FAE447E22088F2C100B5186A /* Base */,
			);
			name = Main.storyboard;
			sourceTree = "<group>";
		};
		FAE447E62088F2C200B5186A /* LaunchScreen.storyboard */ = {
			isa = PBXVariantGroup;
			children = (
				FAE447E72088F2C200B5186A /* Base */,
			);
			name = LaunchScreen.storyboard;
			sourceTree = "<group>";
		};
/* End PBXVariantGroup section */

/* Begin XCBuildConfiguration section */
		FAE447EA2088F2C200B5186A /* Debug */ = {
			isa = XCBuildConfiguration;
			buildSettings = {
				ALWAYS_SEARCH_USER_PATHS = NO;
				CLANG_ANALYZER_NONNULL = YES;
				CLANG_ANALYZER_NUMBER_OBJECT_CONVERSION = YES_AGGRESSIVE;
				CLANG_CXX_LANGUAGE_STANDARD = "gnu++14";
				CLANG_CXX_LIBRARY = "libc++";
				CLANG_ENABLE_MODULES = YES;
				CLANG_ENABLE_OBJC_ARC = YES;
				CLANG_ENABLE_OBJC_WEAK = YES;
				CLANG_WARN_BLOCK_CAPTURE_AUTORELEASING = YES;
				CLANG_WARN_BOOL_CONVERSION = YES;
				CLANG_WARN_COMMA = YES;
				CLANG_WARN_CONSTANT_CONVERSION = YES;
				CLANG_WARN_DEPRECATED_OBJC_IMPLEMENTATIONS = YES;
				CLANG_WARN_DIRECT_OBJC_ISA_USAGE = YES_ERROR;
				CLANG_WARN_DOCUMENTATION_COMMENTS = YES;
				CLANG_WARN_EMPTY_BODY = YES;
				CLANG_WARN_ENUM_CONVERSION = YES;
				CLANG_WARN_INFINITE_RECURSION = YES;
				CLANG_WARN_INT_CONVERSION = YES;
				CLANG_WARN_NON_LITERAL_NULL_CONVERSION = YES;
				CLANG_WARN_OBJC_IMPLICIT_RETAIN_SELF = YES;
				CLANG_WARN_OBJC_LITERAL_CONVERSION = YES;
				CLANG_WARN_OBJC_ROOT_CLASS = YES_ERROR;
				CLANG_WARN_RANGE_LOOP_ANALYSIS = YES;
				CLANG_WARN_STRICT_PROTOTYPES = YES;
				CLANG_WARN_SUSPICIOUS_MOVE = YES;
				CLANG_WARN_UNGUARDED_AVAILABILITY = YES_AGGRESSIVE;
				CLANG_WARN_UNREACHABLE_CODE = YES;
				CLANG_WARN__DUPLICATE_METHOD_MATCH = YES;
				CODE_SIGN_IDENTITY = "iPhone Developer";
				COPY_PHASE_STRIP = NO;
				DEBUG_INFORMATION_FORMAT = dwarf;
				ENABLE_STRICT_OBJC_MSGSEND = YES;
				ENABLE_TESTABILITY = YES;
				GCC_C_LANGUAGE_STANDARD = gnu11;
				GCC_DYNAMIC_NO_PIC = NO;
				GCC_NO_COMMON_BLOCKS = YES;
				GCC_OPTIMIZATION_LEVEL = 0;
				GCC_PREPROCESSOR_DEFINITIONS = (
					"DEBUG=1",
					"$(inherited)",
				);
				GCC_WARN_64_TO_32_BIT_CONVERSION = YES;
				GCC_WARN_ABOUT_RETURN_TYPE = YES_ERROR;
				GCC_WARN_UNDECLARED_SELECTOR = YES;
				GCC_WARN_UNINITIALIZED_AUTOS = YES_AGGRESSIVE;
				GCC_WARN_UNUSED_FUNCTION = YES;
				GCC_WARN_UNUSED_VARIABLE = YES;
				IPHONEOS_DEPLOYMENT_TARGET = 11.3;
				MTL_ENABLE_DEBUG_INFO = YES;
				ONLY_ACTIVE_ARCH = YES;
				SDKROOT = iphoneos;
				SWIFT_ACTIVE_COMPILATION_CONDITIONS = DEBUG;
				SWIFT_OPTIMIZATION_LEVEL = "-Onone";
			};
			name = Debug;
		};
		FAE447EB2088F2C200B5186A /* Release */ = {
			isa = XCBuildConfiguration;
			buildSettings = {
				ALWAYS_SEARCH_USER_PATHS = NO;
				CLANG_ANALYZER_NONNULL = YES;
				CLANG_ANALYZER_NUMBER_OBJECT_CONVERSION = YES_AGGRESSIVE;
				CLANG_CXX_LANGUAGE_STANDARD = "gnu++14";
				CLANG_CXX_LIBRARY = "libc++";
				CLANG_ENABLE_MODULES = YES;
				CLANG_ENABLE_OBJC_ARC = YES;
				CLANG_ENABLE_OBJC_WEAK = YES;
				CLANG_WARN_BLOCK_CAPTURE_AUTORELEASING = YES;
				CLANG_WARN_BOOL_CONVERSION = YES;
				CLANG_WARN_COMMA = YES;
				CLANG_WARN_CONSTANT_CONVERSION = YES;
				CLANG_WARN_DEPRECATED_OBJC_IMPLEMENTATIONS = YES;
				CLANG_WARN_DIRECT_OBJC_ISA_USAGE = YES_ERROR;
				CLANG_WARN_DOCUMENTATION_COMMENTS = YES;
				CLANG_WARN_EMPTY_BODY = YES;
				CLANG_WARN_ENUM_CONVERSION = YES;
				CLANG_WARN_INFINITE_RECURSION = YES;
				CLANG_WARN_INT_CONVERSION = YES;
				CLANG_WARN_NON_LITERAL_NULL_CONVERSION = YES;
				CLANG_WARN_OBJC_IMPLICIT_RETAIN_SELF = YES;
				CLANG_WARN_OBJC_LITERAL_CONVERSION = YES;
				CLANG_WARN_OBJC_ROOT_CLASS = YES_ERROR;
				CLANG_WARN_RANGE_LOOP_ANALYSIS = YES;
				CLANG_WARN_STRICT_PROTOTYPES = YES;
				CLANG_WARN_SUSPICIOUS_MOVE = YES;
				CLANG_WARN_UNGUARDED_AVAILABILITY = YES_AGGRESSIVE;
				CLANG_WARN_UNREACHABLE_CODE = YES;
				CLANG_WARN__DUPLICATE_METHOD_MATCH = YES;
				CODE_SIGN_IDENTITY = "iPhone Developer";
				COPY_PHASE_STRIP = NO;
				DEBUG_INFORMATION_FORMAT = "dwarf-with-dsym";
				ENABLE_NS_ASSERTIONS = NO;
				ENABLE_STRICT_OBJC_MSGSEND = YES;
				GCC_C_LANGUAGE_STANDARD = gnu11;
				GCC_NO_COMMON_BLOCKS = YES;
				GCC_WARN_64_TO_32_BIT_CONVERSION = YES;
				GCC_WARN_ABOUT_RETURN_TYPE = YES_ERROR;
				GCC_WARN_UNDECLARED_SELECTOR = YES;
				GCC_WARN_UNINITIALIZED_AUTOS = YES_AGGRESSIVE;
				GCC_WARN_UNUSED_FUNCTION = YES;
				GCC_WARN_UNUSED_VARIABLE = YES;
				IPHONEOS_DEPLOYMENT_TARGET = 11.3;
				MTL_ENABLE_DEBUG_INFO = NO;
				SDKROOT = iphoneos;
				SWIFT_COMPILATION_MODE = wholemodule;
				SWIFT_OPTIMIZATION_LEVEL = "-O";
				VALIDATE_PRODUCT = YES;
			};
			name = Release;
		};
		FAE447ED2088F2C200B5186A /* Debug */ = {
			isa = XCBuildConfiguration;
			baseConfigurationReference = 3C34715C18C4D2D9C1F9664C /* Pods-NativePDFReader.debug.xcconfig */;
			buildSettings = {
				ASSETCATALOG_COMPILER_APPICON_NAME = AppIcon;
				CODE_SIGN_STYLE = Automatic;
				DEVELOPMENT_TEAM = F63T7U2XCD;
				INFOPLIST_FILE = NativePDFReader/Info.plist;
				LD_RUNPATH_SEARCH_PATHS = (
					"$(inherited)",
					"@executable_path/Frameworks",
				);
				PRODUCT_BUNDLE_IDENTIFIER = com.company.NativePDFReader;
				PRODUCT_NAME = "$(TARGET_NAME)";
				SWIFT_VERSION = 4.0;
				TARGETED_DEVICE_FAMILY = 2;
			};
			name = Debug;
		};
		FAE447EE2088F2C200B5186A /* Release */ = {
			isa = XCBuildConfiguration;
			baseConfigurationReference = C924DC39B9BE9D92C7D4AD11 /* Pods-NativePDFReader.release.xcconfig */;
			buildSettings = {
				ASSETCATALOG_COMPILER_APPICON_NAME = AppIcon;
				CODE_SIGN_STYLE = Automatic;
				DEVELOPMENT_TEAM = F63T7U2XCD;
				INFOPLIST_FILE = NativePDFReader/Info.plist;
				LD_RUNPATH_SEARCH_PATHS = (
					"$(inherited)",
					"@executable_path/Frameworks",
				);
				PRODUCT_BUNDLE_IDENTIFIER = com.company.NativePDFReader;
				PRODUCT_NAME = "$(TARGET_NAME)";
				SWIFT_VERSION = 4.0;
				TARGETED_DEVICE_FAMILY = 2;
			};
			name = Release;
		};
/* End XCBuildConfiguration section */

/* Begin XCConfigurationList section */
		FAE447D52088F2C100B5186A /* Build configuration list for PBXProject "NativePDFReader" */ = {
			isa = XCConfigurationList;
			buildConfigurations = (
				FAE447EA2088F2C200B5186A /* Debug */,
				FAE447EB2088F2C200B5186A /* Release */,
			);
			defaultConfigurationIsVisible = 0;
			defaultConfigurationName = Release;
		};
		FAE447EC2088F2C200B5186A /* Build configuration list for PBXNativeTarget "NativePDFReader" */ = {
			isa = XCConfigurationList;
			buildConfigurations = (
				FAE447ED2088F2C200B5186A /* Debug */,
				FAE447EE2088F2C200B5186A /* Release */,
			);
			defaultConfigurationIsVisible = 0;
			defaultConfigurationName = Release;
		};
/* End XCConfigurationList section */
	};
	rootObject = FAE447D22088F2C100B5186A /* Project object */;
}
